
Microsoft Visual Studio Solution File, Format Version 12.00
# Visual Studio Version 16
VisualStudioVersion = 16.0.30804.86
MinimumVisualStudioVersion = 10.0.40219.1
Project("{FAE04EC0-301F-11D3-BF4B-00C04F79EFBC}") = "DelegateFunc", "DelegateFunc\DelegateFunc.csproj", "{2FC09C16-0FE3-40C5-9772-D94A3A0C00EB}"
EndProject
Global
	GlobalSection(SolutionConfigurationPlatforms) = preSolution
		Debug|Any CPU = Debug|Any CPU
		Release|Any CPU = Release|Any CPU
	EndGlobalSection
	GlobalSection(ProjectConfigurationPlatforms) = postSolution
		{2FC09C16-0FE3-40C5-9772-D94A3A0C00EB}.Debug|Any CPU.ActiveCfg = Debug|Any CPU
		{2FC09C16-0FE3-40C5-9772-D94A3A0C00EB}.Debug|Any CPU.Build.0 = Debug|Any CPU
		{2FC09C16-0FE3-40C5-9772-D94A3A0C00EB}.Release|Any CPU.ActiveCfg = Release|Any CPU
		{2FC09C16-0FE3-40C5-9772-D94A3A0C00EB}.Release|Any CPU.Build.0 = Release|Any CPU
	EndGlobalSection
	GlobalSection(SolutionProperties) = preSolution
		HideSolutionNode = FALSE
	EndGlobalSection
	GlobalSection(ExtensibilityGlobals) = postSolution
		SolutionGuid = {7BFBCAE0-7342-423F-92E7-15D1CD4569DB}
	EndGlobalSection
EndGlobal
